
Microsoft Visual Studio Solution File, Format Version 12.00
# Visual Studio 2015
Project("{FAE04EC0-301F-11D3-BF4B-00C04F79EFBC}") = "SensoryOverload_AVToggleDemonstration.CSharp.Plugins", "SensoryOverload_AVToggleDemonstration.CSharp.Plugins.csproj", "{73055A44-4F93-7A2F-B793-21A48480C84C}"
EndProject
Project("{FAE04EC0-301F-11D3-BF4B-00C04F79EFBC}") = "SensoryOverload_AVToggleDemonstration.CSharp", "SensoryOverload_AVToggleDemonstration.CSharp.csproj", "{007E3155-8D81-C93D-ACFB-D771EC74EEA0}"
EndProject
Project("{FAE04EC0-301F-11D3-BF4B-00C04F79EFBC}") = "SensoryOverload_AVToggleDemonstration.CSharp.Editor", "SensoryOverload_AVToggleDemonstration.CSharp.Editor.csproj", "{1FF51766-8E7F-F059-CD2B-BD2148E019B2}"
EndProject
Global
	GlobalSection(SolutionConfigurationPlatforms) = preSolution
		Debug|Any CPU = Debug|Any CPU
		Release|Any CPU = Release|Any CPU
	EndGlobalSection
	GlobalSection(ProjectConfigurationPlatforms) = postSolution
		{73055A44-4F93-7A2F-B793-21A48480C84C}.Debug|Any CPU.ActiveCfg = Debug|Any CPU
		{73055A44-4F93-7A2F-B793-21A48480C84C}.Debug|Any CPU.Build.0 = Debug|Any CPU
		{73055A44-4F93-7A2F-B793-21A48480C84C}.Release|Any CPU.ActiveCfg = Release|Any CPU
		{73055A44-4F93-7A2F-B793-21A48480C84C}.Release|Any CPU.Build.0 = Release|Any CPU
		{007E3155-8D81-C93D-ACFB-D771EC74EEA0}.Debug|Any CPU.ActiveCfg = Debug|Any CPU
		{007E3155-8D81-C93D-ACFB-D771EC74EEA0}.Debug|Any CPU.Build.0 = Debug|Any CPU
		{007E3155-8D81-C93D-ACFB-D771EC74EEA0}.Release|Any CPU.ActiveCfg = Release|Any CPU
		{007E3155-8D81-C93D-ACFB-D771EC74EEA0}.Release|Any CPU.Build.0 = Release|Any CPU
		{1FF51766-8E7F-F059-CD2B-BD2148E019B2}.Debug|Any CPU.ActiveCfg = Debug|Any CPU
		{1FF51766-8E7F-F059-CD2B-BD2148E019B2}.Debug|Any CPU.Build.0 = Debug|Any CPU
		{1FF51766-8E7F-F059-CD2B-BD2148E019B2}.Release|Any CPU.ActiveCfg = Release|Any CPU
		{1FF51766-8E7F-F059-CD2B-BD2148E019B2}.Release|Any CPU.Build.0 = Release|Any CPU
	EndGlobalSection
	GlobalSection(SolutionProperties) = preSolution
		HideSolutionNode = FALSE
	EndGlobalSection
EndGlobal
