Microsoft Visual Studio Solution File, Format Version 11.00
# Visual Studio 2008

Project("{0348CA83-E1AA-4A0C-9421-7D9C6CDA742B}") = "SensoryOverload_AVToggleDemonstration", "Assembly-CSharp-firstpass.csproj", "{8CAD4A8E-7410-3D62-34BF-DE8A67DC8F98}"
EndProject
Project("{0348CA83-E1AA-4A0C-9421-7D9C6CDA742B}") = "SensoryOverload_AVToggleDemonstration", "Assembly-CSharp.csproj", "{0EA71567-35B5-A8B9-CA93-B346E0FE3C62}"
EndProject
Project("{0348CA83-E1AA-4A0C-9421-7D9C6CDA742B}") = "SensoryOverload_AVToggleDemonstration", "Assembly-CSharp-Editor.csproj", "{7207CDE6-03C0-FB8E-11FD-15879577DF56}"
EndProject
Global
	GlobalSection(SolutionConfigurationPlatforms) = preSolution
		Debug|Any CPU = Debug|Any CPU
		Release|Any CPU = Release|Any CPU
	EndGlobalSection
	GlobalSection(ProjectConfigurationPlatforms) = postSolution
		{8CAD4A8E-7410-3D62-34BF-DE8A67DC8F98}.Debug|Any CPU.ActiveCfg = Debug|Any CPU
		{8CAD4A8E-7410-3D62-34BF-DE8A67DC8F98}.Debug|Any CPU.Build.0 = Debug|Any CPU
		{8CAD4A8E-7410-3D62-34BF-DE8A67DC8F98}.Release|Any CPU.ActiveCfg = Release|Any CPU
		{8CAD4A8E-7410-3D62-34BF-DE8A67DC8F98}.Release|Any CPU.Build.0 = Release|Any CPU
		{0EA71567-35B5-A8B9-CA93-B346E0FE3C62}.Debug|Any CPU.ActiveCfg = Debug|Any CPU
		{0EA71567-35B5-A8B9-CA93-B346E0FE3C62}.Debug|Any CPU.Build.0 = Debug|Any CPU
		{0EA71567-35B5-A8B9-CA93-B346E0FE3C62}.Release|Any CPU.ActiveCfg = Release|Any CPU
		{0EA71567-35B5-A8B9-CA93-B346E0FE3C62}.Release|Any CPU.Build.0 = Release|Any CPU
		{7207CDE6-03C0-FB8E-11FD-15879577DF56}.Debug|Any CPU.ActiveCfg = Debug|Any CPU
		{7207CDE6-03C0-FB8E-11FD-15879577DF56}.Debug|Any CPU.Build.0 = Debug|Any CPU
		{7207CDE6-03C0-FB8E-11FD-15879577DF56}.Release|Any CPU.ActiveCfg = Release|Any CPU
		{7207CDE6-03C0-FB8E-11FD-15879577DF56}.Release|Any CPU.Build.0 = Release|Any CPU
	EndGlobalSection
	GlobalSection(SolutionProperties) = preSolution
		HideSolutionNode = FALSE
	EndGlobalSection
	GlobalSection(MonoDevelopProperties) = preSolution
		StartupItem = Assembly-CSharp.csproj
	EndGlobalSection
EndGlobal
